
Microsoft Visual Studio Solution File, Format Version 12.00
# Visual Studio Version 17
VisualStudioVersion = 17.0.32002.185
MinimumVisualStudioVersion = 10.0.40219.1
Project("{FAE04EC0-301F-11D3-BF4B-00C04F79EFBC}") = "WebApplication1", "WebApplication1\WebApplication1.csproj", "{77679771-3C1C-44A5-A106-3555C92D423B}"
EndProject
Global
	GlobalSection(SolutionConfigurationPlatforms) = preSolution
		Debug|Any CPU = Debug|Any CPU
		Release|Any CPU = Release|Any CPU
	EndGlobalSection
	GlobalSection(ProjectConfigurationPlatforms) = postSolution
		{77679771-3C1C-44A5-A106-3555C92D423B}.Debug|Any CPU.ActiveCfg = Debug|Any CPU
		{77679771-3C1C-44A5-A106-3555C92D423B}.Debug|Any CPU.Build.0 = Debug|Any CPU
		{77679771-3C1C-44A5-A106-3555C92D423B}.Release|Any CPU.ActiveCfg = Release|Any CPU
		{77679771-3C1C-44A5-A106-3555C92D423B}.Release|Any CPU.Build.0 = Release|Any CPU
	EndGlobalSection
	GlobalSection(SolutionProperties) = preSolution
		HideSolutionNode = FALSE
	EndGlobalSection
	GlobalSection(ExtensibilityGlobals) = postSolution
		SolutionGuid = {40EB605B-D1D0-4255-A971-1C5BC07B2162}
	EndGlobalSection
EndGlobal
